
Microsoft Visual Studio Solution File, Format Version 12.00
# Visual Studio Version 16
VisualStudioVersion = 16.0.30804.86
MinimumVisualStudioVersion = 10.0.40219.1
Project("{FAE04EC0-301F-11D3-BF4B-00C04F79EFBC}") = "SQL.RegistrationFieldApp", "ExampleSQLApp\SQL.RegistrationFieldApp.csproj", "{4CDE8349-0CA7-419B-8FD8-563F586B8B20}"
EndProject
Global
	GlobalSection(SolutionConfigurationPlatforms) = preSolution
		Debug|Any CPU = Debug|Any CPU
		Release|Any CPU = Release|Any CPU
	EndGlobalSection
	GlobalSection(ProjectConfigurationPlatforms) = postSolution
		{4CDE8349-0CA7-419B-8FD8-563F586B8B20}.Debug|Any CPU.ActiveCfg = Debug|Any CPU
		{4CDE8349-0CA7-419B-8FD8-563F586B8B20}.Debug|Any CPU.Build.0 = Debug|Any CPU
		{4CDE8349-0CA7-419B-8FD8-563F586B8B20}.Release|Any CPU.ActiveCfg = Release|Any CPU
		{4CDE8349-0CA7-419B-8FD8-563F586B8B20}.Release|Any CPU.Build.0 = Release|Any CPU
	EndGlobalSection
	GlobalSection(SolutionProperties) = preSolution
		HideSolutionNode = FALSE
	EndGlobalSection
	GlobalSection(ExtensibilityGlobals) = postSolution
		SolutionGuid = {77D0EFFC-BC22-40BB-82B6-1A6B1C8BB6AF}
	EndGlobalSection
EndGlobal
